{
  "name": "@{{author}}/{{project}}",
  "version": "0.1.0",
  "lockfileVersion": 3,
  "requires": true,
  "packages": {
    "": {
      "name": "@{{author}}/{{project}}",
      "version": "0.1.0",
      "license": "MIT-0",
      "devDependencies": {},
      "engines": {
        "node": ">=22"
      }
    }
  }
}
